
Microsoft Visual Studio Solution File, Format Version 12.00
# Visual Studio Version 17
VisualStudioVersion = 17.14.36109.1
MinimumVisualStudioVersion = 10.0.40219.1
Project("{FAE04EC0-301F-11D3-BF4B-00C04F79EFBC}") = "GeometricObjectsSolution", "GeometricObjectsSolution\GeometricObjectsSolution.csproj", "{8B6DD41E-D56F-4686-B068-FD973C320922}"
EndProject
Global
	GlobalSection(SolutionConfigurationPlatforms) = preSolution
		Debug|Any CPU = Debug|Any CPU
		Release|Any CPU = Release|Any CPU
	EndGlobalSection
	GlobalSection(ProjectConfigurationPlatforms) = postSolution
		{8B6DD41E-D56F-4686-B068-FD973C320922}.Debug|Any CPU.ActiveCfg = Debug|Any CPU
		{8B6DD41E-D56F-4686-B068-FD973C320922}.Debug|Any CPU.Build.0 = Debug|Any CPU
		{8B6DD41E-D56F-4686-B068-FD973C320922}.Release|Any CPU.ActiveCfg = Release|Any CPU
		{8B6DD41E-D56F-4686-B068-FD973C320922}.Release|Any CPU.Build.0 = Release|Any CPU
	EndGlobalSection
	GlobalSection(SolutionProperties) = preSolution
		HideSolutionNode = FALSE
	EndGlobalSection
	GlobalSection(ExtensibilityGlobals) = postSolution
		SolutionGuid = {ACFD9CE6-D6B2-4A65-B365-5DF9650EE5C2}
	EndGlobalSection
EndGlobal
